// !$*UTF8*$!
{
	archiveVersion = 1;
	classes = {
	};
	objectVersion = 50;
	objects = {

/* Begin PBXBuildFile section */
		41C4263D63BA8BFAC1B281F9 /* libPods-Tinder.a in Frameworks */ = {isa = PBXBuildFile; fileRef = C91C92FDA6EAC25B15965D9C /* libPods-Tinder.a */; };
		C52639DB2435C4B6000463F7 /* AppDelegate.m in Sources */ = {isa = PBXBuildFile; fileRef = C52639DA2435C4B6000463F7 /* AppDelegate.m */; };
		C52639E12435C4B6000463F7 /* Main.storyboard in Resources */ = {isa = PBXBuildFile; fileRef = C52639DF2435C4B6000463F7 /* Main.storyboard */; };
		C52639E32435C4BA000463F7 /* Assets.xcassets in Resources */ = {isa = PBXBuildFile; fileRef = C52639E22435C4BA000463F7 /* Assets.xcassets */; };
		C52639E62435C4BA000463F7 /* LaunchScreen.storyboard in Resources */ = {isa = PBXBuildFile; fileRef = C52639E42435C4BA000463F7 /* LaunchScreen.storyboard */; };
		C52639E92435C4BA000463F7 /* main.m in Sources */ = {isa = PBXBuildFile; fileRef = C52639E82435C4BA000463F7 /* main.m */; };
		C52639F32435C4BA000463F7 /* TinderTests.m in Sources */ = {isa = PBXBuildFile; fileRef = C52639F22435C4BA000463F7 /* TinderTests.m */; };
		C52639FE2435C4BA000463F7 /* TinderUITests.m in Sources */ = {isa = PBXBuildFile; fileRef = C52639FD2435C4BA000463F7 /* TinderUITests.m */; };
		C5263A122435CA83000463F7 /* LoginBackgroundView.m in Sources */ = {isa = PBXBuildFile; fileRef = C5263A112435CA83000463F7 /* LoginBackgroundView.m */; };
		C5263A152435D4DC000463F7 /* RootViewController.m in Sources */ = {isa = PBXBuildFile; fileRef = C5263A142435D4DC000463F7 /* RootViewController.m */; };
/* End PBXBuildFile section */

/* Begin PBXContainerItemProxy section */
		C52639EF2435C4BA000463F7 /* PBXContainerItemProxy */ = {
			isa = PBXContainerItemProxy;
			containerPortal = C52639CE2435C4B5000463F7 /* Project object */;
			proxyType = 1;
			remoteGlobalIDString = C52639D52435C4B6000463F7;
			remoteInfo = Tinder;
		};
		C52639FA2435C4BA000463F7 /* PBXContainerItemProxy */ = {
			isa = PBXContainerItemProxy;
			containerPortal = C52639CE2435C4B5000463F7 /* Project object */;
			proxyType = 1;
			remoteGlobalIDString = C52639D52435C4B6000463F7;
			remoteInfo = Tinder;
		};
/* End PBXContainerItemProxy section */

/* Begin PBXFileReference section */
		0DD9C1F26F7B0C4BA25DF759 /* Pods-Tinder.release.xcconfig */ = {isa = PBXFileReference; includeInIndex = 1; lastKnownFileType = text.xcconfig; name = "Pods-Tinder.release.xcconfig"; path = "Target Support Files/Pods-Tinder/Pods-Tinder.release.xcconfig"; sourceTree = "<group>"; };
		1647B5C5CC6B307C8066DCF5 /* Pods-Tinder.debug.xcconfig */ = {isa = PBXFileReference; includeInIndex = 1; lastKnownFileType = text.xcconfig; name = "Pods-Tinder.debug.xcconfig"; path = "Target Support Files/Pods-Tinder/Pods-Tinder.debug.xcconfig"; sourceTree = "<group>"; };
		C52639D62435C4B6000463F7 /* Tinder.app */ = {isa = PBXFileReference; explicitFileType = wrapper.application; includeInIndex = 0; path = Tinder.app; sourceTree = BUILT_PRODUCTS_DIR; };
		C52639D92435C4B6000463F7 /* AppDelegate.h */ = {isa = PBXFileReference; lastKnownFileType = sourcecode.c.h; path = AppDelegate.h; sourceTree = "<group>"; };
		C52639DA2435C4B6000463F7 /* AppDelegate.m */ = {isa = PBXFileReference; lastKnownFileType = sourcecode.c.objc; path = AppDelegate.m; sourceTree = "<group>"; };
		C52639E02435C4B6000463F7 /* Base */ = {isa = PBXFileReference; lastKnownFileType = file.storyboard; name = Base; path = Base.lproj/Main.storyboard; sourceTree = "<group>"; };
		C52639E22435C4BA000463F7 /* Assets.xcassets */ = {isa = PBXFileReference; lastKnownFileType = folder.assetcatalog; path = Assets.xcassets; sourceTree = "<group>"; };
		C52639E52435C4BA000463F7 /* Base */ = {isa = PBXFileReference; lastKnownFileType = file.storyboard; name = Base; path = Base.lproj/LaunchScreen.storyboard; sourceTree = "<group>"; };
		C52639E72435C4BA000463F7 /* Info.plist */ = {isa = PBXFileReference; lastKnownFileType = text.plist.xml; path = Info.plist; sourceTree = "<group>"; };
		C52639E82435C4BA000463F7 /* main.m */ = {isa = PBXFileReference; lastKnownFileType = sourcecode.c.objc; path = main.m; sourceTree = "<group>"; };
		C52639EE2435C4BA000463F7 /* TinderTests.xctest */ = {isa = PBXFileReference; explicitFileType = wrapper.cfbundle; includeInIndex = 0; path = TinderTests.xctest; sourceTree = BUILT_PRODUCTS_DIR; };
		C52639F22435C4BA000463F7 /* TinderTests.m */ = {isa = PBXFileReference; lastKnownFileType = sourcecode.c.objc; path = TinderTests.m; sourceTree = "<group>"; };
		C52639F42435C4BA000463F7 /* Info.plist */ = {isa = PBXFileReference; lastKnownFileType = text.plist.xml; path = Info.plist; sourceTree = "<group>"; };
		C52639F92435C4BA000463F7 /* TinderUITests.xctest */ = {isa = PBXFileReference; explicitFileType = wrapper.cfbundle; includeInIndex = 0; path = TinderUITests.xctest; sourceTree = BUILT_PRODUCTS_DIR; };
		C52639FD2435C4BA000463F7 /* TinderUITests.m */ = {isa = PBXFileReference; lastKnownFileType = sourcecode.c.objc; path = TinderUITests.m; sourceTree = "<group>"; };
		C52639FF2435C4BA000463F7 /* Info.plist */ = {isa = PBXFileReference; lastKnownFileType = text.plist.xml; path = Info.plist; sourceTree = "<group>"; };
		C5263A102435CA83000463F7 /* LoginBackgroundView.h */ = {isa = PBXFileReference; lastKnownFileType = sourcecode.c.h; path = LoginBackgroundView.h; sourceTree = "<group>"; };
		C5263A112435CA83000463F7 /* LoginBackgroundView.m */ = {isa = PBXFileReference; lastKnownFileType = sourcecode.c.objc; path = LoginBackgroundView.m; sourceTree = "<group>"; };
		C5263A132435D4DC000463F7 /* RootViewController.h */ = {isa = PBXFileReference; lastKnownFileType = sourcecode.c.h; path = RootViewController.h; sourceTree = "<group>"; };
		C5263A142435D4DC000463F7 /* RootViewController.m */ = {isa = PBXFileReference; lastKnownFileType = sourcecode.c.objc; path = RootViewController.m; sourceTree = "<group>"; };
		C91C92FDA6EAC25B15965D9C /* libPods-Tinder.a */ = {isa = PBXFileReference; explicitFileType = archive.ar; includeInIndex = 0; path = "libPods-Tinder.a"; sourceTree = BUILT_PRODUCTS_DIR; };
/* End PBXFileReference section */

/* Begin PBXFrameworksBuildPhase section */
		C52639D32435C4B6000463F7 /* Frameworks */ = {
			isa = PBXFrameworksBuildPhase;
			buildActionMask = 2147483647;
			files = (
				41C4263D63BA8BFAC1B281F9 /* libPods-Tinder.a in Frameworks */,
			);
			runOnlyForDeploymentPostprocessing = 0;
		};
		C52639EB2435C4BA000463F7 /* Frameworks */ = {
			isa = PBXFrameworksBuildPhase;
			buildActionMask = 2147483647;
			files = (
			);
			runOnlyForDeploymentPostprocessing = 0;
		};
		C52639F62435C4BA000463F7 /* Frameworks */ = {
			isa = PBXFrameworksBuildPhase;
			buildActionMask = 2147483647;
			files = (
			);
			runOnlyForDeploymentPostprocessing = 0;
		};
/* End PBXFrameworksBuildPhase section */

/* Begin PBXGroup section */
		65278D96EA8D6C226A5181E4 /* Pods */ = {
			isa = PBXGroup;
			children = (
				1647B5C5CC6B307C8066DCF5 /* Pods-Tinder.debug.xcconfig */,
				0DD9C1F26F7B0C4BA25DF759 /* Pods-Tinder.release.xcconfig */,
			);
			name = Pods;
			path = Pods;
			sourceTree = "<group>";
		};
		90FECA153BC4CE795F8F7C66 /* Frameworks */ = {
			isa = PBXGroup;
			children = (
				C91C92FDA6EAC25B15965D9C /* libPods-Tinder.a */,
			);
			name = Frameworks;
			sourceTree = "<group>";
		};
		C52639CD2435C4B5000463F7 = {
			isa = PBXGroup;
			children = (
				C52639D82435C4B6000463F7 /* Tinder */,
				C52639F12435C4BA000463F7 /* TinderTests */,
				C52639FC2435C4BA000463F7 /* TinderUITests */,
				C52639D72435C4B6000463F7 /* Products */,
				65278D96EA8D6C226A5181E4 /* Pods */,
				90FECA153BC4CE795F8F7C66 /* Frameworks */,
			);
			sourceTree = "<group>";
		};
		C52639D72435C4B6000463F7 /* Products */ = {
			isa = PBXGroup;
			children = (
				C52639D62435C4B6000463F7 /* Tinder.app */,
				C52639EE2435C4BA000463F7 /* TinderTests.xctest */,
				C52639F92435C4BA000463F7 /* TinderUITests.xctest */,
			);
			name = Products;
			sourceTree = "<group>";
		};
		C52639D82435C4B6000463F7 /* Tinder */ = {
			isa = PBXGroup;
			children = (
				C5263A0E2435CA51000463F7 /* Login */,
				C52639D92435C4B6000463F7 /* AppDelegate.h */,
				C52639DA2435C4B6000463F7 /* AppDelegate.m */,
				C52639DF2435C4B6000463F7 /* Main.storyboard */,
				C52639E22435C4BA000463F7 /* Assets.xcassets */,
				C52639E42435C4BA000463F7 /* LaunchScreen.storyboard */,
				C52639E72435C4BA000463F7 /* Info.plist */,
				C52639E82435C4BA000463F7 /* main.m */,
				C5263A132435D4DC000463F7 /* RootViewController.h */,
				C5263A142435D4DC000463F7 /* RootViewController.m */,
			);
			path = Tinder;
			sourceTree = "<group>";
		};
		C52639F12435C4BA000463F7 /* TinderTests */ = {
			isa = PBXGroup;
			children = (
				C52639F22435C4BA000463F7 /* TinderTests.m */,
				C52639F42435C4BA000463F7 /* Info.plist */,
			);
			path = TinderTests;
			sourceTree = "<group>";
		};
		C52639FC2435C4BA000463F7 /* TinderUITests */ = {
			isa = PBXGroup;
			children = (
				C52639FD2435C4BA000463F7 /* TinderUITests.m */,
				C52639FF2435C4BA000463F7 /* Info.plist */,
			);
			path = TinderUITests;
			sourceTree = "<group>";
		};
		C5263A0E2435CA51000463F7 /* Login */ = {
			isa = PBXGroup;
			children = (
				C5263A0F2435CA5E000463F7 /* View */,
			);
			path = Login;
			sourceTree = "<group>";
		};
		C5263A0F2435CA5E000463F7 /* View */ = {
			isa = PBXGroup;
			children = (
				C5263A102435CA83000463F7 /* LoginBackgroundView.h */,
				C5263A112435CA83000463F7 /* LoginBackgroundView.m */,
			);
			path = View;
			sourceTree = "<group>";
		};
/* End PBXGroup section */

/* Begin PBXNativeTarget section */
		C52639D52435C4B6000463F7 /* Tinder */ = {
			isa = PBXNativeTarget;
			buildConfigurationList = C5263A022435C4BB000463F7 /* Build configuration list for PBXNativeTarget "Tinder" */;
			buildPhases = (
				F91DC262FD4E26083B9AC00D /* [CP] Check Pods Manifest.lock */,
				C52639D22435C4B6000463F7 /* Sources */,
				C52639D32435C4B6000463F7 /* Frameworks */,
				C52639D42435C4B6000463F7 /* Resources */,
			);
			buildRules = (
			);
			dependencies = (
			);
			name = Tinder;
			productName = Tinder;
			productReference = C52639D62435C4B6000463F7 /* Tinder.app */;
			productType = "com.apple.product-type.application";
		};
		C52639ED2435C4BA000463F7 /* TinderTests */ = {
			isa = PBXNativeTarget;
			buildConfigurationList = C5263A052435C4BB000463F7 /* Build configuration list for PBXNativeTarget "TinderTests" */;
			buildPhases = (
				C52639EA2435C4BA000463F7 /* Sources */,
				C52639EB2435C4BA000463F7 /* Frameworks */,
				C52639EC2435C4BA000463F7 /* Resources */,
			);
			buildRules = (
			);
			dependencies = (
				C52639F02435C4BA000463F7 /* PBXTargetDependency */,
			);
			name = TinderTests;
			productName = TinderTests;
			productReference = C52639EE2435C4BA000463F7 /* TinderTests.xctest */;
			productType = "com.apple.product-type.bundle.unit-test";
		};
		C52639F82435C4BA000463F7 /* TinderUITests */ = {
			isa = PBXNativeTarget;
			buildConfigurationList = C5263A082435C4BB000463F7 /* Build configuration list for PBXNativeTarget "TinderUITests" */;
			buildPhases = (
				C52639F52435C4BA000463F7 /* Sources */,
				C52639F62435C4BA000463F7 /* Frameworks */,
				C52639F72435C4BA000463F7 /* Resources */,
			);
			buildRules = (
			);
			dependencies = (
				C52639FB2435C4BA000463F7 /* PBXTargetDependency */,
			);
			name = TinderUITests;
			productName = TinderUITests;
			productReference = C52639F92435C4BA000463F7 /* TinderUITests.xctest */;
			productType = "com.apple.product-type.bundle.ui-testing";
		};
/* End PBXNativeTarget section */

/* Begin PBXProject section */
		C52639CE2435C4B5000463F7 /* Project object */ = {
			isa = PBXProject;
			attributes = {
				LastUpgradeCheck = 1030;
				ORGANIZATIONNAME = "黄佳玮";
				TargetAttributes = {
					C52639D52435C4B6000463F7 = {
						CreatedOnToolsVersion = 10.3;
					};
					C52639ED2435C4BA000463F7 = {
						CreatedOnToolsVersion = 10.3;
						TestTargetID = C52639D52435C4B6000463F7;
					};
					C52639F82435C4BA000463F7 = {
						CreatedOnToolsVersion = 10.3;
						TestTargetID = C52639D52435C4B6000463F7;
					};
				};
			};
			buildConfigurationList = C52639D12435C4B5000463F7 /* Build configuration list for PBXProject "Tinder" */;
			compatibilityVersion = "Xcode 9.3";
			developmentRegion = en;
			hasScannedForEncodings = 0;
			knownRegions = (
				en,
				Base,
			);
			mainGroup = C52639CD2435C4B5000463F7;
			productRefGroup = C52639D72435C4B6000463F7 /* Products */;
			projectDirPath = "";
			projectRoot = "";
			targets = (
				C52639D52435C4B6000463F7 /* Tinder */,
				C52639ED2435C4BA000463F7 /* TinderTests */,
				C52639F82435C4BA000463F7 /* TinderUITests */,
			);
		};
/* End PBXProject section */

/* Begin PBXResourcesBuildPhase section */
		C52639D42435C4B6000463F7 /* Resources */ = {
			isa = PBXResourcesBuildPhase;
			buildActionMask = 2147483647;
			files = (
				C52639E62435C4BA000463F7 /* LaunchScreen.storyboard in Resources */,
				C52639E32435C4BA000463F7 /* Assets.xcassets in Resources */,
				C52639E12435C4B6000463F7 /* Main.storyboard in Resources */,
			);
			runOnlyForDeploymentPostprocessing = 0;
		};
		C52639EC2435C4BA000463F7 /* Resources */ = {
			isa = PBXResourcesBuildPhase;
			buildActionMask = 2147483647;
			files = (
			);
			runOnlyForDeploymentPostprocessing = 0;
		};
		C52639F72435C4BA000463F7 /* Resources */ = {
			isa = PBXResourcesBuildPhase;
			buildActionMask = 2147483647;
			files = (
			);
			runOnlyForDeploymentPostprocessing = 0;
		};
/* End PBXResourcesBuildPhase section */

/* Begin PBXShellScriptBuildPhase section */
		F91DC262FD4E26083B9AC00D /* [CP] Check Pods Manifest.lock */ = {
			isa = PBXShellScriptBuildPhase;
			buildActionMask = 2147483647;
			files = (
			);
			inputFileListPaths = (
			);
			inputPaths = (
				"${PODS_PODFILE_DIR_PATH}/Podfile.lock",
				"${PODS_ROOT}/Manifest.lock",
			);
			name = "[CP] Check Pods Manifest.lock";
			outputFileListPaths = (
			);
			outputPaths = (
				"$(DERIVED_FILE_DIR)/Pods-Tinder-checkManifestLockResult.txt",
			);
			runOnlyForDeploymentPostprocessing = 0;
			shellPath = /bin/sh;
			shellScript = "diff \"${PODS_PODFILE_DIR_PATH}/Podfile.lock\" \"${PODS_ROOT}/Manifest.lock\" > /dev/null\nif [ $? != 0 ] ; then\n    # print error to STDERR\n    echo \"error: The sandbox is not in sync with the Podfile.lock. Run 'pod install' or update your CocoaPods installation.\" >&2\n    exit 1\nfi\n# This output is used by Xcode 'outputs' to avoid re-running this script phase.\necho \"SUCCESS\" > \"${SCRIPT_OUTPUT_FILE_0}\"\n";
			showEnvVarsInLog = 0;
		};
/* End PBXShellScriptBuildPhase section */

/* Begin PBXSourcesBuildPhase section */
		C52639D22435C4B6000463F7 /* Sources */ = {
			isa = PBXSourcesBuildPhase;
			buildActionMask = 2147483647;
			files = (
				C5263A122435CA83000463F7 /* LoginBackgroundView.m in Sources */,
				C52639E92435C4BA000463F7 /* main.m in Sources */,
				C5263A152435D4DC000463F7 /* RootViewController.m in Sources */,
				C52639DB2435C4B6000463F7 /* AppDelegate.m in Sources */,
			);
			runOnlyForDeploymentPostprocessing = 0;
		};
		C52639EA2435C4BA000463F7 /* Sources */ = {
			isa = PBXSourcesBuildPhase;
			buildActionMask = 2147483647;
			files = (
				C52639F32435C4BA000463F7 /* TinderTests.m in Sources */,
			);
			runOnlyForDeploymentPostprocessing = 0;
		};
		C52639F52435C4BA000463F7 /* Sources */ = {
			isa = PBXSourcesBuildPhase;
			buildActionMask = 2147483647;
			files = (
				C52639FE2435C4BA000463F7 /* TinderUITests.m in Sources */,
			);
			runOnlyForDeploymentPostprocessing = 0;
		};
/* End PBXSourcesBuildPhase section */

/* Begin PBXTargetDependency section */
		C52639F02435C4BA000463F7 /* PBXTargetDependency */ = {
			isa = PBXTargetDependency;
			target = C52639D52435C4B6000463F7 /* Tinder */;
			targetProxy = C52639EF2435C4BA000463F7 /* PBXContainerItemProxy */;
		};
		C52639FB2435C4BA000463F7 /* PBXTargetDependency */ = {
			isa = PBXTargetDependency;
			target = C52639D52435C4B6000463F7 /* Tinder */;
			targetProxy = C52639FA2435C4BA000463F7 /* PBXContainerItemProxy */;
		};
/* End PBXTargetDependency section */

/* Begin PBXVariantGroup section */
		C52639DF2435C4B6000463F7 /* Main.storyboard */ = {
			isa = PBXVariantGroup;
			children = (
				C52639E02435C4B6000463F7 /* Base */,
			);
			name = Main.storyboard;
			sourceTree = "<group>";
		};
		C52639E42435C4BA000463F7 /* LaunchScreen.storyboard */ = {
			isa = PBXVariantGroup;
			children = (
				C52639E52435C4BA000463F7 /* Base */,
			);
			name = LaunchScreen.storyboard;
			sourceTree = "<group>";
		};
/* End PBXVariantGroup section */

/* Begin XCBuildConfiguration section */
		C5263A002435C4BB000463F7 /* Debug */ = {
			isa = XCBuildConfiguration;
			buildSettings = {
				ALWAYS_SEARCH_USER_PATHS = NO;
				CLANG_ANALYZER_NONNULL = YES;
				CLANG_ANALYZER_NUMBER_OBJECT_CONVERSION = YES_AGGRESSIVE;
				CLANG_CXX_LANGUAGE_STANDARD = "gnu++14";
				CLANG_CXX_LIBRARY = "libc++";
				CLANG_ENABLE_MODULES = YES;
				CLANG_ENABLE_OBJC_ARC = YES;
				CLANG_ENABLE_OBJC_WEAK = YES;
				CLANG_WARN_BLOCK_CAPTURE_AUTORELEASING = YES;
				CLANG_WARN_BOOL_CONVERSION = YES;
				CLANG_WARN_COMMA = YES;
				CLANG_WARN_CONSTANT_CONVERSION = YES;
				CLANG_WARN_DEPRECATED_OBJC_IMPLEMENTATIONS = YES;
				CLANG_WARN_DIRECT_OBJC_ISA_USAGE = YES_ERROR;
				CLANG_WARN_DOCUMENTATION_COMMENTS = YES;
				CLANG_WARN_EMPTY_BODY = YES;
				CLANG_WARN_ENUM_CONVERSION = YES;
				CLANG_WARN_INFINITE_RECURSION = YES;
				CLANG_WARN_INT_CONVERSION = YES;
				CLANG_WARN_NON_LITERAL_NULL_CONVERSION = YES;
				CLANG_WARN_OBJC_IMPLICIT_RETAIN_SELF = YES;
				CLANG_WARN_OBJC_LITERAL_CONVERSION = YES;
				CLANG_WARN_OBJC_ROOT_CLASS = YES_ERROR;
				CLANG_WARN_RANGE_LOOP_ANALYSIS = YES;
				CLANG_WARN_STRICT_PROTOTYPES = YES;
				CLANG_WARN_SUSPICIOUS_MOVE = YES;
				CLANG_WARN_UNGUARDED_AVAILABILITY = YES_AGGRESSIVE;
				CLANG_WARN_UNREACHABLE_CODE = YES;
				CLANG_WARN__DUPLICATE_METHOD_MATCH = YES;
				CODE_SIGN_IDENTITY = "iPhone Developer";
				COPY_PHASE_STRIP = NO;
				DEBUG_INFORMATION_FORMAT = dwarf;
				ENABLE_STRICT_OBJC_MSGSEND = YES;
				ENABLE_TESTABILITY = YES;
				GCC_C_LANGUAGE_STANDARD = gnu11;
				GCC_DYNAMIC_NO_PIC = NO;
				GCC_NO_COMMON_BLOCKS = YES;
				GCC_OPTIMIZATION_LEVEL = 0;
				GCC_PREPROCESSOR_DEFINITIONS = (
					"DEBUG=1",
					"$(inherited)",
				);
				GCC_WARN_64_TO_32_BIT_CONVERSION = YES;
				GCC_WARN_ABOUT_RETURN_TYPE = YES_ERROR;
				GCC_WARN_UNDECLARED_SELECTOR = YES;
				GCC_WARN_UNINITIALIZED_AUTOS = YES_AGGRESSIVE;
				GCC_WARN_UNUSED_FUNCTION = YES;
				GCC_WARN_UNUSED_VARIABLE = YES;
				IPHONEOS_DEPLOYMENT_TARGET = 11.2;
				MTL_ENABLE_DEBUG_INFO = INCLUDE_SOURCE;
				MTL_FAST_MATH = YES;
				ONLY_ACTIVE_ARCH = YES;
				SDKROOT = iphoneos;
			};
			name = Debug;
		};
		C5263A012435C4BB000463F7 /* Release */ = {
			isa = XCBuildConfiguration;
			buildSettings = {
				ALWAYS_SEARCH_USER_PATHS = NO;
				CLANG_ANALYZER_NONNULL = YES;
				CLANG_ANALYZER_NUMBER_OBJECT_CONVERSION = YES_AGGRESSIVE;
				CLANG_CXX_LANGUAGE_STANDARD = "gnu++14";
				CLANG_CXX_LIBRARY = "libc++";
				CLANG_ENABLE_MODULES = YES;
				CLANG_ENABLE_OBJC_ARC = YES;
				CLANG_ENABLE_OBJC_WEAK = YES;
				CLANG_WARN_BLOCK_CAPTURE_AUTORELEASING = YES;
				CLANG_WARN_BOOL_CONVERSION = YES;
				CLANG_WARN_COMMA = YES;
				CLANG_WARN_CONSTANT_CONVERSION = YES;
				CLANG_WARN_DEPRECATED_OBJC_IMPLEMENTATIONS = YES;
				CLANG_WARN_DIRECT_OBJC_ISA_USAGE = YES_ERROR;
				CLANG_WARN_DOCUMENTATION_COMMENTS = YES;
				CLANG_WARN_EMPTY_BODY = YES;
				CLANG_WARN_ENUM_CONVERSION = YES;
				CLANG_WARN_INFINITE_RECURSION = YES;
				CLANG_WARN_INT_CONVERSION = YES;
				CLANG_WARN_NON_LITERAL_NULL_CONVERSION = YES;
				CLANG_WARN_OBJC_IMPLICIT_RETAIN_SELF = YES;
				CLANG_WARN_OBJC_LITERAL_CONVERSION = YES;
				CLANG_WARN_OBJC_ROOT_CLASS = YES_ERROR;
				CLANG_WARN_RANGE_LOOP_ANALYSIS = YES;
				CLANG_WARN_STRICT_PROTOTYPES = YES;
				CLANG_WARN_SUSPICIOUS_MOVE = YES;
				CLANG_WARN_UNGUARDED_AVAILABILITY = YES_AGGRESSIVE;
				CLANG_WARN_UNREACHABLE_CODE = YES;
				CLANG_WARN__DUPLICATE_METHOD_MATCH = YES;
				CODE_SIGN_IDENTITY = "iPhone Developer";
				COPY_PHASE_STRIP = NO;
				DEBUG_INFORMATION_FORMAT = "dwarf-with-dsym";
				ENABLE_NS_ASSERTIONS = NO;
				ENABLE_STRICT_OBJC_MSGSEND = YES;
				GCC_C_LANGUAGE_STANDARD = gnu11;
				GCC_NO_COMMON_BLOCKS = YES;
				GCC_WARN_64_TO_32_BIT_CONVERSION = YES;
				GCC_WARN_ABOUT_RETURN_TYPE = YES_ERROR;
				GCC_WARN_UNDECLARED_SELECTOR = YES;
				GCC_WARN_UNINITIALIZED_AUTOS = YES_AGGRESSIVE;
				GCC_WARN_UNUSED_FUNCTION = YES;
				GCC_WARN_UNUSED_VARIABLE = YES;
				IPHONEOS_DEPLOYMENT_TARGET = 11.2;
				MTL_ENABLE_DEBUG_INFO = NO;
				MTL_FAST_MATH = YES;
				SDKROOT = iphoneos;
				VALIDATE_PRODUCT = YES;
			};
			name = Release;
		};
		C5263A032435C4BB000463F7 /* Debug */ = {
			isa = XCBuildConfiguration;
			baseConfigurationReference = 1647B5C5CC6B307C8066DCF5 /* Pods-Tinder.debug.xcconfig */;
			buildSettings = {
				ASSETCATALOG_COMPILER_APPICON_NAME = AppIcon;
				CODE_SIGN_STYLE = Automatic;
				DEVELOPMENT_TEAM = 7NSZJ2W82R;
				INFOPLIST_FILE = Tinder/Info.plist;
				LD_RUNPATH_SEARCH_PATHS = (
					"$(inherited)",
					"@executable_path/Frameworks",
				);
				PRODUCT_BUNDLE_IDENTIFIER = datacvg.Tinder;
				PRODUCT_NAME = "$(TARGET_NAME)";
				TARGETED_DEVICE_FAMILY = "1,2";
			};
			name = Debug;
		};
		C5263A042435C4BB000463F7 /* Release */ = {
			isa = XCBuildConfiguration;
			baseConfigurationReference = 0DD9C1F26F7B0C4BA25DF759 /* Pods-Tinder.release.xcconfig */;
			buildSettings = {
				ASSETCATALOG_COMPILER_APPICON_NAME = AppIcon;
				CODE_SIGN_STYLE = Automatic;
				DEVELOPMENT_TEAM = 7NSZJ2W82R;
				INFOPLIST_FILE = Tinder/Info.plist;
				LD_RUNPATH_SEARCH_PATHS = (
					"$(inherited)",
					"@executable_path/Frameworks",
				);
				PRODUCT_BUNDLE_IDENTIFIER = datacvg.Tinder;
				PRODUCT_NAME = "$(TARGET_NAME)";
				TARGETED_DEVICE_FAMILY = "1,2";
			};
			name = Release;
		};
		C5263A062435C4BB000463F7 /* Debug */ = {
			isa = XCBuildConfiguration;
			buildSettings = {
				BUNDLE_LOADER = "$(TEST_HOST)";
				CODE_SIGN_STYLE = Automatic;
				DEVELOPMENT_TEAM = 7NSZJ2W82R;
				INFOPLIST_FILE = TinderTests/Info.plist;
				LD_RUNPATH_SEARCH_PATHS = (
					"$(inherited)",
					"@executable_path/Frameworks",
					"@loader_path/Frameworks",
				);
				PRODUCT_BUNDLE_IDENTIFIER = datacvg.TinderTests;
				PRODUCT_NAME = "$(TARGET_NAME)";
				TARGETED_DEVICE_FAMILY = "1,2";
				TEST_HOST = "$(BUILT_PRODUCTS_DIR)/Tinder.app/Tinder";
			};
			name = Debug;
		};
		C5263A072435C4BB000463F7 /* Release */ = {
			isa = XCBuildConfiguration;
			buildSettings = {
				BUNDLE_LOADER = "$(TEST_HOST)";
				CODE_SIGN_STYLE = Automatic;
				DEVELOPMENT_TEAM = 7NSZJ2W82R;
				INFOPLIST_FILE = TinderTests/Info.plist;
				LD_RUNPATH_SEARCH_PATHS = (
					"$(inherited)",
					"@executable_path/Frameworks",
					"@loader_path/Frameworks",
				);
				PRODUCT_BUNDLE_IDENTIFIER = datacvg.TinderTests;
				PRODUCT_NAME = "$(TARGET_NAME)";
				TARGETED_DEVICE_FAMILY = "1,2";
				TEST_HOST = "$(BUILT_PRODUCTS_DIR)/Tinder.app/Tinder";
			};
			name = Release;
		};
		C5263A092435C4BB000463F7 /* Debug */ = {
			isa = XCBuildConfiguration;
			buildSettings = {
				CODE_SIGN_STYLE = Automatic;
				DEVELOPMENT_TEAM = 7NSZJ2W82R;
				INFOPLIST_FILE = TinderUITests/Info.plist;
				LD_RUNPATH_SEARCH_PATHS = (
					"$(inherited)",
					"@executable_path/Frameworks",
					"@loader_path/Frameworks",
				);
				PRODUCT_BUNDLE_IDENTIFIER = datacvg.TinderUITests;
				PRODUCT_NAME = "$(TARGET_NAME)";
				TARGETED_DEVICE_FAMILY = "1,2";
				TEST_TARGET_NAME = Tinder;
			};
			name = Debug;
		};
		C5263A0A2435C4BB000463F7 /* Release */ = {
			isa = XCBuildConfiguration;
			buildSettings = {
				CODE_SIGN_STYLE = Automatic;
				DEVELOPMENT_TEAM = 7NSZJ2W82R;
				INFOPLIST_FILE = TinderUITests/Info.plist;
				LD_RUNPATH_SEARCH_PATHS = (
					"$(inherited)",
					"@executable_path/Frameworks",
					"@loader_path/Frameworks",
				);
				PRODUCT_BUNDLE_IDENTIFIER = datacvg.TinderUITests;
				PRODUCT_NAME = "$(TARGET_NAME)";
				TARGETED_DEVICE_FAMILY = "1,2";
				TEST_TARGET_NAME = Tinder;
			};
			name = Release;
		};
/* End XCBuildConfiguration section */

/* Begin XCConfigurationList section */
		C52639D12435C4B5000463F7 /* Build configuration list for PBXProject "Tinder" */ = {
			isa = XCConfigurationList;
			buildConfigurations = (
				C5263A002435C4BB000463F7 /* Debug */,
				C5263A012435C4BB000463F7 /* Release */,
			);
			defaultConfigurationIsVisible = 0;
			defaultConfigurationName = Release;
		};
		C5263A022435C4BB000463F7 /* Build configuration list for PBXNativeTarget "Tinder" */ = {
			isa = XCConfigurationList;
			buildConfigurations = (
				C5263A032435C4BB000463F7 /* Debug */,
				C5263A042435C4BB000463F7 /* Release */,
			);
			defaultConfigurationIsVisible = 0;
			defaultConfigurationName = Release;
		};
		C5263A052435C4BB000463F7 /* Build configuration list for PBXNativeTarget "TinderTests" */ = {
			isa = XCConfigurationList;
			buildConfigurations = (
				C5263A062435C4BB000463F7 /* Debug */,
				C5263A072435C4BB000463F7 /* Release */,
			);
			defaultConfigurationIsVisible = 0;
			defaultConfigurationName = Release;
		};
		C5263A082435C4BB000463F7 /* Build configuration list for PBXNativeTarget "TinderUITests" */ = {
			isa = XCConfigurationList;
			buildConfigurations = (
				C5263A092435C4BB000463F7 /* Debug */,
				C5263A0A2435C4BB000463F7 /* Release */,
			);
			defaultConfigurationIsVisible = 0;
			defaultConfigurationName = Release;
		};
/* End XCConfigurationList section */
	};
	rootObject = C52639CE2435C4B5000463F7 /* Project object */;
}
